
Microsoft Visual Studio Solution File, Format Version 12.00
# Visual Studio Version 17
VisualStudioVersion = 17.0.31903.59
MinimumVisualStudioVersion = 10.0.40219.1
Project("{FAE04EC0-301F-11D3-BF4B-00C04F79EFBC}") = "KafkaDemo.Producer", "KafkaDemo.Producer\KafkaDemo.Producer.csproj", "{42D03EE4-07A9-4268-83BD-E5242F2C582D}"
EndProject
Project("{FAE04EC0-301F-11D3-BF4B-00C04F79EFBC}") = "KafkaDemo.Consumer", "KafkaDemo.Consumer\KafkaDemo.Consumer.csproj", "{502A04BA-B1CC-49A8-BD3F-7408E4F5728F}"
EndProject
Global
	GlobalSection(SolutionConfigurationPlatforms) = preSolution
		Debug|Any CPU = Debug|Any CPU
		Debug|x64 = Debug|x64
		Debug|x86 = Debug|x86
		Release|Any CPU = Release|Any CPU
		Release|x64 = Release|x64
		Release|x86 = Release|x86
	EndGlobalSection
	GlobalSection(ProjectConfigurationPlatforms) = postSolution
		{42D03EE4-07A9-4268-83BD-E5242F2C582D}.Debug|Any CPU.ActiveCfg = Debug|Any CPU
		{42D03EE4-07A9-4268-83BD-E5242F2C582D}.Debug|Any CPU.Build.0 = Debug|Any CPU
		{42D03EE4-07A9-4268-83BD-E5242F2C582D}.Debug|x64.ActiveCfg = Debug|Any CPU
		{42D03EE4-07A9-4268-83BD-E5242F2C582D}.Debug|x64.Build.0 = Debug|Any CPU
		{42D03EE4-07A9-4268-83BD-E5242F2C582D}.Debug|x86.ActiveCfg = Debug|Any CPU
		{42D03EE4-07A9-4268-83BD-E5242F2C582D}.Debug|x86.Build.0 = Debug|Any CPU
		{42D03EE4-07A9-4268-83BD-E5242F2C582D}.Release|Any CPU.ActiveCfg = Release|Any CPU
		{42D03EE4-07A9-4268-83BD-E5242F2C582D}.Release|Any CPU.Build.0 = Release|Any CPU
		{42D03EE4-07A9-4268-83BD-E5242F2C582D}.Release|x64.ActiveCfg = Release|Any CPU
		{42D03EE4-07A9-4268-83BD-E5242F2C582D}.Release|x64.Build.0 = Release|Any CPU
		{42D03EE4-07A9-4268-83BD-E5242F2C582D}.Release|x86.ActiveCfg = Release|Any CPU
		{42D03EE4-07A9-4268-83BD-E5242F2C582D}.Release|x86.Build.0 = Release|Any CPU
		{502A04BA-B1CC-49A8-BD3F-7408E4F5728F}.Debug|Any CPU.ActiveCfg = Debug|Any CPU
		{502A04BA-B1CC-49A8-BD3F-7408E4F5728F}.Debug|Any CPU.Build.0 = Debug|Any CPU
		{502A04BA-B1CC-49A8-BD3F-7408E4F5728F}.Debug|x64.ActiveCfg = Debug|Any CPU
		{502A04BA-B1CC-49A8-BD3F-7408E4F5728F}.Debug|x64.Build.0 = Debug|Any CPU
		{502A04BA-B1CC-49A8-BD3F-7408E4F5728F}.Debug|x86.ActiveCfg = Debug|Any CPU
		{502A04BA-B1CC-49A8-BD3F-7408E4F5728F}.Debug|x86.Build.0 = Debug|Any CPU
		{502A04BA-B1CC-49A8-BD3F-7408E4F5728F}.Release|Any CPU.ActiveCfg = Release|Any CPU
		{502A04BA-B1CC-49A8-BD3F-7408E4F5728F}.Release|Any CPU.Build.0 = Release|Any CPU
		{502A04BA-B1CC-49A8-BD3F-7408E4F5728F}.Release|x64.ActiveCfg = Release|Any CPU
		{502A04BA-B1CC-49A8-BD3F-7408E4F5728F}.Release|x64.Build.0 = Release|Any CPU
		{502A04BA-B1CC-49A8-BD3F-7408E4F5728F}.Release|x86.ActiveCfg = Release|Any CPU
		{502A04BA-B1CC-49A8-BD3F-7408E4F5728F}.Release|x86.Build.0 = Release|Any CPU
	EndGlobalSection
	GlobalSection(SolutionProperties) = preSolution
		HideSolutionNode = FALSE
	EndGlobalSection
EndGlobal
